Microsoft Visual Studio Solution File, Format Version 12.00
# Visual Studio Version 17
VisualStudioVersion = 17.5.2.0
MinimumVisualStudioVersion = 10.0.40219.1
Project("{2150E333-8FDC-42A3-9474-1A3956D46DE8}") = "5. LISKOV", "5. LISKOV", "{F80A9FD0-34C8-BE48-5D59-03424C6917FE}"
EndProject
Project("{2150E333-8FDC-42A3-9474-1A3956D46DE8}") = "3.DIP", "3.DIP", "{390F33A6-6270-0239-D385-CD437879BF6E}"
EndProject
Project("{2150E333-8FDC-42A3-9474-1A3956D46DE8}") = "2.ISP", "2.ISP", "{ECAD803D-E352-7911-9014-2B34616A87B5}"
EndProject
Project("{2150E333-8FDC-42A3-9474-1A3956D46DE8}") = "4.OCP", "4.OCP", "{E08F8607-9462-6060-4ED6-53383B7F0867}"
EndProject
Project("{2150E333-8FDC-42A3-9474-1A3956D46DE8}") = "1.SRP", "1.SRP", "{43E01B64-A1D0-625F-3D8F-CFB508F13763}"
EndProject
Project("{2150E333-8FDC-42A3-9474-1A3956D46DE8}") = "STUPID", "STUPID", "{2D5963AB-1CF8-9039-16FF-EAB54721A4C9}"
EndProject
Project("{2150E333-8FDC-42A3-9474-1A3956D46DE8}") = "CleanTeeth", "CleanTeeth", "{439D3448-68AE-D61E-FDBF-3D0199EC12A5}"
EndProject
Project("{FAE04EC0-301F-11D3-BF4B-00C04F79EFBC}") = "CleanTeeth.Domain", "5. LISKOV\CleanTeeth\CleanTeeth.Domain\CleanTeeth.Domain.csproj", "{272D13EF-BD8E-43B8-2000-F785B72290AD}"
EndProject
Project("{FAE04EC0-301F-11D3-BF4B-00C04F79EFBC}") = "SOLIDPrinciples", "5. LISKOV\CleanTeeth\SOLIDPrinciples\SOLIDPrinciples.csproj", "{73A721FA-C773-C8D0-4F4D-79FD1AE25100}"
EndProject
Project("{2150E333-8FDC-42A3-9474-1A3956D46DE8}") = "CleanTeeth", "CleanTeeth", "{9C029D90-8FAE-196D-73CB-535891C0EAF5}"
EndProject
Project("{FAE04EC0-301F-11D3-BF4B-00C04F79EFBC}") = "CleanTeeth.Domain", "3.DIP\CleanTeeth\CleanTeeth.Domain\CleanTeeth.Domain.csproj", "{E0E4BE07-46F3-2B77-9C62-921ECA1B54B4}"
EndProject
Project("{FAE04EC0-301F-11D3-BF4B-00C04F79EFBC}") = "SOLIDPrinciples", "3.DIP\CleanTeeth\SOLIDPrinciples\SOLIDPrinciples.csproj", "{53B686C5-F5B0-1F33-BE0E-A9280E45BA12}"
EndProject
Project("{2150E333-8FDC-42A3-9474-1A3956D46DE8}") = "CleanTeeth", "CleanTeeth", "{0D2A0E1D-B5F4-6D07-7087-FFE21C30D1B9}"
EndProject
Project("{FAE04EC0-301F-11D3-BF4B-00C04F79EFBC}") = "CleanTeeth.Domain", "2.ISP\CleanTeeth\CleanTeeth.Domain\CleanTeeth.Domain.csproj", "{BD5B2059-5511-417E-F1C3-E5E4947A4BA7}"
EndProject
Project("{FAE04EC0-301F-11D3-BF4B-00C04F79EFBC}") = "SOLIDPrinciples", "2.ISP\CleanTeeth\SOLIDPrinciples\SOLIDPrinciples.csproj", "{426D7B5B-A23A-CD35-3CBF-B7B09CEF9034}"
EndProject
Project("{2150E333-8FDC-42A3-9474-1A3956D46DE8}") = "CleanTeeth", "CleanTeeth", "{12453B20-044F-A24D-AE42-DDBB6C1D6507}"
EndProject
Project("{FAE04EC0-301F-11D3-BF4B-00C04F79EFBC}") = "CleanTeeth.Domain", "4.OCP\CleanTeeth\CleanTeeth.Domain\CleanTeeth.Domain.csproj", "{AE39AE65-8F2D-2B10-FA8D-B8EE410136EB}"
EndProject
Project("{FAE04EC0-301F-11D3-BF4B-00C04F79EFBC}") = "SOLIDPrinciples", "4.OCP\CleanTeeth\SOLIDPrinciples\SOLIDPrinciples.csproj", "{D69A4AD2-067D-5392-61B6-918A830919B0}"
EndProject
Project("{2150E333-8FDC-42A3-9474-1A3956D46DE8}") = "CleanTeeth", "CleanTeeth", "{5407BCC1-D3A3-8418-8D52-D971B863408A}"
EndProject
Project("{FAE04EC0-301F-11D3-BF4B-00C04F79EFBC}") = "CleanTeeth.Domain", "1.SRP\CleanTeeth\CleanTeeth.Domain\CleanTeeth.Domain.csproj", "{C5E77971-2F21-59C6-F413-65C99BD234A9}"
EndProject
Project("{FAE04EC0-301F-11D3-BF4B-00C04F79EFBC}") = "SOLIDPrinciples", "1.SRP\CleanTeeth\SOLIDPrinciples\SOLIDPrinciples.csproj", "{0DFF786B-A5AF-69B6-34BF-6F851C8410CA}"
EndProject
Project("{2150E333-8FDC-42A3-9474-1A3956D46DE8}") = "CleanTeeth", "CleanTeeth", "{CF0DB998-AD0E-E53F-63F9-65696AD34E2F}"
EndProject
Project("{FAE04EC0-301F-11D3-BF4B-00C04F79EFBC}") = "SOLIDPrinciples_STUPID", "STUPID\CleanTeeth\SOLIDPrinciples_STUPID\SOLIDPrinciples_STUPID.csproj", "{58E2A5F5-7BC7-1439-32BC-7B34E671E7A1}"
EndProject
Project("{FAE04EC0-301F-11D3-BF4B-00C04F79EFBC}") = "CleanTeeth.Domain", "STUPID\CleanTeeth\CleanTeeth.Domain\CleanTeeth.Domain.csproj", "{B336D5D9-3F53-66BD-FB95-D394E3FB39FD}"
EndProject
Global
	GlobalSection(SolutionConfigurationPlatforms) = preSolution
		Debug|Any CPU = Debug|Any CPU
		Release|Any CPU = Release|Any CPU
	EndGlobalSection
	GlobalSection(ProjectConfigurationPlatforms) = postSolution
		{272D13EF-BD8E-43B8-2000-F785B72290AD}.Debug|Any CPU.ActiveCfg = Debug|Any CPU
		{272D13EF-BD8E-43B8-2000-F785B72290AD}.Debug|Any CPU.Build.0 = Debug|Any CPU
		{272D13EF-BD8E-43B8-2000-F785B72290AD}.Release|Any CPU.ActiveCfg = Release|Any CPU
		{272D13EF-BD8E-43B8-2000-F785B72290AD}.Release|Any CPU.Build.0 = Release|Any CPU
		{73A721FA-C773-C8D0-4F4D-79FD1AE25100}.Debug|Any CPU.ActiveCfg = Debug|Any CPU
		{73A721FA-C773-C8D0-4F4D-79FD1AE25100}.Debug|Any CPU.Build.0 = Debug|Any CPU
		{73A721FA-C773-C8D0-4F4D-79FD1AE25100}.Release|Any CPU.ActiveCfg = Release|Any CPU
		{73A721FA-C773-C8D0-4F4D-79FD1AE25100}.Release|Any CPU.Build.0 = Release|Any CPU
		{E0E4BE07-46F3-2B77-9C62-921ECA1B54B4}.Debug|Any CPU.ActiveCfg = Debug|Any CPU
		{E0E4BE07-46F3-2B77-9C62-921ECA1B54B4}.Debug|Any CPU.Build.0 = Debug|Any CPU
		{E0E4BE07-46F3-2B77-9C62-921ECA1B54B4}.Release|Any CPU.ActiveCfg = Release|Any CPU
		{E0E4BE07-46F3-2B77-9C62-921ECA1B54B4}.Release|Any CPU.Build.0 = Release|Any CPU
		{53B686C5-F5B0-1F33-BE0E-A9280E45BA12}.Debug|Any CPU.ActiveCfg = Debug|Any CPU
		{53B686C5-F5B0-1F33-BE0E-A9280E45BA12}.Debug|Any CPU.Build.0 = Debug|Any CPU
		{53B686C5-F5B0-1F33-BE0E-A9280E45BA12}.Release|Any CPU.ActiveCfg = Release|Any CPU
		{53B686C5-F5B0-1F33-BE0E-A9280E45BA12}.Release|Any CPU.Build.0 = Release|Any CPU
		{BD5B2059-5511-417E-F1C3-E5E4947A4BA7}.Debug|Any CPU.ActiveCfg = Debug|Any CPU
		{BD5B2059-5511-417E-F1C3-E5E4947A4BA7}.Debug|Any CPU.Build.0 = Debug|Any CPU
		{BD5B2059-5511-417E-F1C3-E5E4947A4BA7}.Release|Any CPU.ActiveCfg = Release|Any CPU
		{BD5B2059-5511-417E-F1C3-E5E4947A4BA7}.Release|Any CPU.Build.0 = Release|Any CPU
		{426D7B5B-A23A-CD35-3CBF-B7B09CEF9034}.Debug|Any CPU.ActiveCfg = Debug|Any CPU
		{426D7B5B-A23A-CD35-3CBF-B7B09CEF9034}.Debug|Any CPU.Build.0 = Debug|Any CPU
		{426D7B5B-A23A-CD35-3CBF-B7B09CEF9034}.Release|Any CPU.ActiveCfg = Release|Any CPU
		{426D7B5B-A23A-CD35-3CBF-B7B09CEF9034}.Release|Any CPU.Build.0 = Release|Any CPU
		{AE39AE65-8F2D-2B10-FA8D-B8EE410136EB}.Debug|Any CPU.ActiveCfg = Debug|Any CPU
		{AE39AE65-8F2D-2B10-FA8D-B8EE410136EB}.Debug|Any CPU.Build.0 = Debug|Any CPU
		{AE39AE65-8F2D-2B10-FA8D-B8EE410136EB}.Release|Any CPU.ActiveCfg = Release|Any CPU
		{AE39AE65-8F2D-2B10-FA8D-B8EE410136EB}.Release|Any CPU.Build.0 = Release|Any CPU
		{D69A4AD2-067D-5392-61B6-918A830919B0}.Debug|Any CPU.ActiveCfg = Debug|Any CPU
		{D69A4AD2-067D-5392-61B6-918A830919B0}.Debug|Any CPU.Build.0 = Debug|Any CPU
		{D69A4AD2-067D-5392-61B6-918A830919B0}.Release|Any CPU.ActiveCfg = Release|Any CPU
		{D69A4AD2-067D-5392-61B6-918A830919B0}.Release|Any CPU.Build.0 = Release|Any CPU
		{C5E77971-2F21-59C6-F413-65C99BD234A9}.Debug|Any CPU.ActiveCfg = Debug|Any CPU
		{C5E77971-2F21-59C6-F413-65C99BD234A9}.Debug|Any CPU.Build.0 = Debug|Any CPU
		{C5E77971-2F21-59C6-F413-65C99BD234A9}.Release|Any CPU.ActiveCfg = Release|Any CPU
		{C5E77971-2F21-59C6-F413-65C99BD234A9}.Release|Any CPU.Build.0 = Release|Any CPU
		{0DFF786B-A5AF-69B6-34BF-6F851C8410CA}.Debug|Any CPU.ActiveCfg = Debug|Any CPU
		{0DFF786B-A5AF-69B6-34BF-6F851C8410CA}.Debug|Any CPU.Build.0 = Debug|Any CPU
		{0DFF786B-A5AF-69B6-34BF-6F851C8410CA}.Release|Any CPU.ActiveCfg = Release|Any CPU
		{0DFF786B-A5AF-69B6-34BF-6F851C8410CA}.Release|Any CPU.Build.0 = Release|Any CPU
		{58E2A5F5-7BC7-1439-32BC-7B34E671E7A1}.Debug|Any CPU.ActiveCfg = Debug|Any CPU
		{58E2A5F5-7BC7-1439-32BC-7B34E671E7A1}.Debug|Any CPU.Build.0 = Debug|Any CPU
		{58E2A5F5-7BC7-1439-32BC-7B34E671E7A1}.Release|Any CPU.ActiveCfg = Release|Any CPU
		{58E2A5F5-7BC7-1439-32BC-7B34E671E7A1}.Release|Any CPU.Build.0 = Release|Any CPU
		{B336D5D9-3F53-66BD-FB95-D394E3FB39FD}.Debug|Any CPU.ActiveCfg = Debug|Any CPU
		{B336D5D9-3F53-66BD-FB95-D394E3FB39FD}.Debug|Any CPU.Build.0 = Debug|Any CPU
		{B336D5D9-3F53-66BD-FB95-D394E3FB39FD}.Release|Any CPU.ActiveCfg = Release|Any CPU
		{B336D5D9-3F53-66BD-FB95-D394E3FB39FD}.Release|Any CPU.Build.0 = Release|Any CPU
	EndGlobalSection
	GlobalSection(SolutionProperties) = preSolution
		HideSolutionNode = FALSE
	EndGlobalSection
	GlobalSection(NestedProjects) = preSolution
		{439D3448-68AE-D61E-FDBF-3D0199EC12A5} = {F80A9FD0-34C8-BE48-5D59-03424C6917FE}
		{272D13EF-BD8E-43B8-2000-F785B72290AD} = {439D3448-68AE-D61E-FDBF-3D0199EC12A5}
		{73A721FA-C773-C8D0-4F4D-79FD1AE25100} = {439D3448-68AE-D61E-FDBF-3D0199EC12A5}
		{9C029D90-8FAE-196D-73CB-535891C0EAF5} = {390F33A6-6270-0239-D385-CD437879BF6E}
		{E0E4BE07-46F3-2B77-9C62-921ECA1B54B4} = {9C029D90-8FAE-196D-73CB-535891C0EAF5}
		{53B686C5-F5B0-1F33-BE0E-A9280E45BA12} = {9C029D90-8FAE-196D-73CB-535891C0EAF5}
		{0D2A0E1D-B5F4-6D07-7087-FFE21C30D1B9} = {ECAD803D-E352-7911-9014-2B34616A87B5}
		{BD5B2059-5511-417E-F1C3-E5E4947A4BA7} = {0D2A0E1D-B5F4-6D07-7087-FFE21C30D1B9}
		{426D7B5B-A23A-CD35-3CBF-B7B09CEF9034} = {0D2A0E1D-B5F4-6D07-7087-FFE21C30D1B9}
		{12453B20-044F-A24D-AE42-DDBB6C1D6507} = {E08F8607-9462-6060-4ED6-53383B7F0867}
		{AE39AE65-8F2D-2B10-FA8D-B8EE410136EB} = {12453B20-044F-A24D-AE42-DDBB6C1D6507}
		{D69A4AD2-067D-5392-61B6-918A830919B0} = {12453B20-044F-A24D-AE42-DDBB6C1D6507}
		{5407BCC1-D3A3-8418-8D52-D971B863408A} = {43E01B64-A1D0-625F-3D8F-CFB508F13763}
		{C5E77971-2F21-59C6-F413-65C99BD234A9} = {5407BCC1-D3A3-8418-8D52-D971B863408A}
		{0DFF786B-A5AF-69B6-34BF-6F851C8410CA} = {5407BCC1-D3A3-8418-8D52-D971B863408A}
		{CF0DB998-AD0E-E53F-63F9-65696AD34E2F} = {2D5963AB-1CF8-9039-16FF-EAB54721A4C9}
		{58E2A5F5-7BC7-1439-32BC-7B34E671E7A1} = {CF0DB998-AD0E-E53F-63F9-65696AD34E2F}
		{B336D5D9-3F53-66BD-FB95-D394E3FB39FD} = {CF0DB998-AD0E-E53F-63F9-65696AD34E2F}
	EndGlobalSection
	GlobalSection(ExtensibilityGlobals) = postSolution
		SolutionGuid = {6D117E44-0654-4211-AA0C-00CFBCD0A5A2}
	EndGlobalSection
EndGlobal
